
Microsoft Visual Studio Solution File, Format Version 12.00
# Visual Studio Version 16
VisualStudioVersion = 16.0.30114.128
MinimumVisualStudioVersion = 10.0.40219.1
Project("{9A19103F-16F7-4668-BE54-9A1E7A4F7556}") = "Data.Net", "Data.Net\Data.Net.csproj", "{1726F69F-F42A-40CC-AF26-F36E526EE49B}"
EndProject
Project("{2150E333-8FDC-42A3-9474-1A3956D46DE8}") = "Test", "Test", "{00E2AA2B-7B00-4A37-AAA6-633052C250CA}"
EndProject
Project("{9A19103F-16F7-4668-BE54-9A1E7A4F7556}") = "Data.Net.PerformanceTest", "Data.Net.PerformanceTest\Data.Net.PerformanceTest.csproj", "{451051B4-684D-4A6C-ADFD-EBB813093FF3}"
EndProject
Project("{FAE04EC0-301F-11D3-BF4B-00C04F79EFBC}") = "Data.Net.Test", "Data.Net.Test\Data.Net.Test.csproj", "{8D69DA92-246D-42D6-A1B8-37EEDFC2D852}"
EndProject
Global
	GlobalSection(SolutionConfigurationPlatforms) = preSolution
		Debug|Any CPU = Debug|Any CPU
		Release|Any CPU = Release|Any CPU
	EndGlobalSection
	GlobalSection(ProjectConfigurationPlatforms) = postSolution
		{1726F69F-F42A-40CC-AF26-F36E526EE49B}.Debug|Any CPU.ActiveCfg = Debug|Any CPU
		{1726F69F-F42A-40CC-AF26-F36E526EE49B}.Debug|Any CPU.Build.0 = Debug|Any CPU
		{1726F69F-F42A-40CC-AF26-F36E526EE49B}.Release|Any CPU.ActiveCfg = Release|Any CPU
		{1726F69F-F42A-40CC-AF26-F36E526EE49B}.Release|Any CPU.Build.0 = Release|Any CPU
		{451051B4-684D-4A6C-ADFD-EBB813093FF3}.Debug|Any CPU.ActiveCfg = Debug|Any CPU
		{451051B4-684D-4A6C-ADFD-EBB813093FF3}.Debug|Any CPU.Build.0 = Debug|Any CPU
		{451051B4-684D-4A6C-ADFD-EBB813093FF3}.Release|Any CPU.ActiveCfg = Release|Any CPU
		{451051B4-684D-4A6C-ADFD-EBB813093FF3}.Release|Any CPU.Build.0 = Release|Any CPU
		{8D69DA92-246D-42D6-A1B8-37EEDFC2D852}.Debug|Any CPU.ActiveCfg = Debug|Any CPU
		{8D69DA92-246D-42D6-A1B8-37EEDFC2D852}.Debug|Any CPU.Build.0 = Debug|Any CPU
		{8D69DA92-246D-42D6-A1B8-37EEDFC2D852}.Release|Any CPU.ActiveCfg = Release|Any CPU
		{8D69DA92-246D-42D6-A1B8-37EEDFC2D852}.Release|Any CPU.Build.0 = Release|Any CPU
	EndGlobalSection
	GlobalSection(SolutionProperties) = preSolution
		HideSolutionNode = FALSE
	EndGlobalSection
	GlobalSection(NestedProjects) = preSolution
		{451051B4-684D-4A6C-ADFD-EBB813093FF3} = {00E2AA2B-7B00-4A37-AAA6-633052C250CA}
		{8D69DA92-246D-42D6-A1B8-37EEDFC2D852} = {00E2AA2B-7B00-4A37-AAA6-633052C250CA}
	EndGlobalSection
	GlobalSection(ExtensibilityGlobals) = postSolution
		SolutionGuid = {8F6CCC9A-B269-46B7-818D-83B668D8F261}
	EndGlobalSection
EndGlobal
